github.com/99designs/go-keychain v0.0.0-20191008050251-8e49817e8af4 h1:/vQbFIOMbk2FiG/kXiLl8BRyzTWDw7gX/Hz7Dd5eDMs=
github.com/99designs/go-keychain v0.0.0-20191008050251-8e49817e8af4/go.mod h1:hN7oaIRCjzsZ2dE+yG5k+rsdt3qcwykqK6HVGcKwsw4=
github.com/99designs/keyring v1.2.1 h1:tYLp1ULvO7i3fI5vE21ReQuj99QFSs7lGm0xWyJo87o=
github.com/99designs/keyring v1.2.1/go.mod h1:fc+wB5KTk9wQ9sDx0kFXB3A0MaeGHM9AwRStKOQ5vOA=
github.com/BurntSushi/toml v0.4.1 h1:GaI7EiDXDRfa8VshkTj7Fym7ha+y8/XxIgD2okUIjLw=
github.com/BurntSushi/toml v0.4.1/go.mod h1:CxXYINrC8qIiEnFrOxCa7Jy5BFHlXnUU2pbicEuybxQ=
github.com/alecthomas/assert v0.0.0-20170929043011-405dbfeb8e38/go.mod h1:r7bzyVFMNntcxPZXK3/+KdruV1H5KSlyVY0gc+NgInI=
github.com/alecthomas/chroma v0.7.2-0.20200305040604-4f3623dce67a/go.mod h1:fv5SzZPFJbwp2NXJWpFIX7DZS4HgV1K4ew4Pc2OZD9s=
github.com/alecthomas/chroma v0.9.4 h1:YL7sOAE3p8HS96T9km7RgvmsZIctqbK1qJ0b7hzed44=
github.com/alecthomas/chroma v0.9.4/go.mod h1:jtJATyUxlIORhUOFNA9NZDWGAQ8wpxQQqNSB4rjA/1s=
github.com/alecthomas/colour v0.0.0-20160524082231-60882d9e2721/go.mod h1:QO9JBoKquHd+jz9nshCh40fOfO+JzsoXy8qTHF68zU0=
github.com/alecthomas/kong v0.2.1-0.20190708041108-0548c6b1afae/go.mod h1:+inYUSluD+p4L8KdviBSgzcqEjUQOfC5fQDRFuc36lI=
github.com/alecthomas/repr v0.0.0-20180818092828-117648cd9897/go.mod h1:xTS7Pm1pD1mvyM075QCDSRqH6qRLXylzS24ZTpRiSzQ=
github.com/creack/pty v1.1.9/go.mod h1:oKZEueFk5CKHvIhNR5MUki03XCEU+Q6VDXinZuGJ33E=
github.com/danieljoos/wincred v1.1.2 h1:QLdCxFs1/Yl4zduvBdcHB8goaYk9RARS2SgLLRuAyr0=
github.com/danieljoos/wincred v1.1.2/go.mod h1:GijpziifJoIBfYh+S7BbkdUTU4LfM+QnGqR5Vl2tAx0=
github.com/danwakefield/fnmatch v0.0.0-20160403171240-cbb64ac3d964/go.mod h1:Xd9hchkHSWYkEqJwUGisez3G1QY8Ryz0sdWrLPMGjLk=
github.com/davecgh/go-spew v1.1.0/go.mod h1:J7Y8YcW2NihsgmVo/mv3lAwl/skON4iLHjSsI+c5H38=
github.com/davecgh/go-spew v1.1.1 h1:vj9j/u1bqnvCEfJOwUhtlOARqs3+rkHYY13jYWTU97c=
github.com/davecgh/go-spew v1.1.1/go.mod h1:J7Y8YcW2NihsgmVo/mv3lAwl/skON4iLHjSsI+c5H38=
github.com/dietsche/rfsnotify v0.0.0-20200716145600-b37be6e4177f h1:b3QvpXLSx1U13VM79rSkA+6Xv4lmT/urEMzA36Yma0U=
github.com/dietsche/rfsnotify v0.0.0-20200716145600-b37be6e4177f/go.mod h1:ztitxkMUaBsHRey1tS5xFCd4gm/zAQwA9yfCP5y4cAA=
github.com/dlclark/regexp2 v1.1.6/go.mod h1:2pZnwuY/m+8K6iRw6wQdMtk+rH5tNGR1i55kozfMjCc=
github.com/dlclark/regexp2 v1.2.0/go.mod h1:2pZnwuY/m+8K6iRw6wQdMtk+rH5tNGR1i55kozfMjCc=
github.com/dlclark/regexp2 v1.4.0 h1:F1rxgk7p4uKjwIQxBs9oAXe5CqrXlCduYEJvrF4u93E=
github.com/dlclark/regexp2 v1.4.0/go.mod h1:2pZnwuY/m+8K6iRw6wQdMtk+rH5tNGR1i55kozfMjCc=
github.com/dvsekhvalnov/jose2go v1.5.0 h1:3j8ya4Z4kMCwT5nXIKFSV84YS+HdqSSO0VsTQxaLAeM=
github.com/dvsekhvalnov/jose2go v1.5.0/go.mod h1:QsHjhyTlD/lAVqn/NSbVZmSCGeDehTB/mPZadG+mhXU=
github.com/frankban/quicktest v1.14.0 h1:+cqqvzZV87b4adx/5ayVOaYZ2CrvM4ejQvUdBzPPUss=
github.com/godbus/dbus v0.0.0-20190726142602-4481cbc300e2 h1:ZpnhV/YsD2/4cESfV5+Hoeu/iUR3ruzNvZ+yQfO03a0=
github.com/godbus/dbus v0.0.0-20190726142602-4481cbc300e2/go.mod h1:bBOAhwG1umN6/6ZUMtDFBMQR8jRg9O75tm9K00oMsK4=
github.com/google/go-cmp v0.5.8 h1:e6P7q2lk1O+qJJb4BtCQXlK8vWEO8V1ZeuEdJNOqZyg=
github.com/gsterjov/go-libsecret v0.0.0-20161001094733-a6f4afe4910c h1:6rhixN/i8ZofjG1Y75iExal34USq5p+wiN1tpie8IrU=
github.com/gsterjov/go-libsecret v0.0.0-20161001094733-a6f4afe4910c/go.mod h1:NMPJylDgVpX0MLRlPy15sqSwOFv/U1GZ2m21JhFfek0=
github.com/kr/pretty v0.1.0/go.mod h1:dAy3ld7l9f0ibDNOQOHHMYYIIbhfbHSm3C4ZsoJORNo=
github.com/kr/pretty v0.3.0 h1:WgNl7dwNpEZ6jJ9k1snq4pZsg7DOEN8hP9Xw0Tsjwk0=
github.com/kr/pretty v0.3.0/go.mod h1:640gp4NfQd8pI5XOwp5fnNeVWj67G7CFk/SaSQn7NBk=
github.com/kr/pty v1.1.1/go.mod h1:pFQYn66WHrOpPYNljwOMqo10TkYh1fy3cYio2l3bCsQ=
github.com/kr/text v0.1.0/go.mod h1:4Jbv+DJW3UT/LiOwJeYQe1efqtUx/iVham/4vfdArNI=
github.com/kr/text v0.2.0 h1:5Nx0Ya0ZqY2ygV366QzturHI13Jq95ApcVaJBhpS+AY=
github.com/kr/text v0.2.0/go.mod h1:eLer722TekiGuMkidMxC/pM04lWEeraHUUmBw8l2grE=
github.com/mattn/go-colorable v0.0.9/go.mod h1:9vuHe8Xs5qXnSaW/c/ABM9alt+Vo+STaOChaDxuIBZU=
github.com/mattn/go-isatty v0.0.4/go.mod h1:M+lRXTBqGeGNdLjl/ufCoiOlB5xdOkqRJdNxMWT7Zi4=
github.com/mitchellh/mapstructure v1.1.2/go.mod h1:FVVH3fgwuzCH5S8UJGiWEs2h04kUh9fWfEaFds41c1Y=
github.com/mtibben/percent v0.2.1 h1:5gssi8Nqo8QU/r2pynCm+hBQHpkB/uNK7BJCFogWdzs=
github.com/mtibben/percent v0.2.1/go.mod h1:KG9uO+SZkUp+VkRHsCdYQV3XSZrrSpR3O9ibNBTZrns=
github.com/niemeyer/pretty v0.0.0-20200227124842-a10e7caefd8e h1:fD57ERR4JtEqsWbfPhv4DMiApHyliiK5xCTNVSPiaAs=
github.com/niemeyer/pretty v0.0.0-20200227124842-a10e7caefd8e/go.mod h1:zD1mROLANZcx1PVRCS0qkT7pwLkGfwJo4zjcN/Tysno=
github.com/pkg/diff v0.0.0-20210226163009-20ebb0f2a09e h1:aoZm08cpOy4WuID//EZDgcC4zIxODThtZNPirFr42+A=
github.com/pkg/diff v0.0.0-20210226163009-20ebb0f2a09e/go.mod h1:pJLUxLENpZxwdsKMEsNbx1VGcRFpLqf3715MtcvvzbA=
github.com/pkg/errors v0.8.1/go.mod h1:bwawxfHBFNV+L2hUp1rHADufV3IMtnDRdf1r5NINEl0=
github.com/pmezard/go-difflib v1.0.0 h1:4DBwDE0NGyQoBHbLQYPwSUPoCMWR5BEzIk/f1lZbAQM=
github.com/pmezard/go-difflib v1.0.0/go.mod h1:iKH77koFhYxTK1pcRnkKkqfTogsbg7gZNVY4sRDYZ/4=
github.com/rogpeppe/go-internal v1.6.1/go.mod h1:xXDCJY+GAPziupqXw64V24skbSoqbTEfhy4qGm1nDQc=
github.com/rogpeppe/go-internal v1.8.1 h1:geMPLpDpQOgVyCg5z5GoRwLHepNdb71NXb67XFkP+Eg=
github.com/rogpeppe/go-internal v1.8.1/go.mod h1:JeRgkft04UBgHMgCIwADu4Pn6Mtm5d4nPKWu0nJ5d+o=
github.com/sergi/go-diff v1.0.0/go.mod h1:0CfEIISq7TuYL3j771MWULgwwjU+GofnZX9QAmXWZgo=
github.com/stretchr/objx v0.1.0/go.mod h1:HFkY916IF+rwdDfMAkV7OtwuqBVzrE8GR6GFx+wExME=
github.com/stretchr/objx v0.3.0 h1:NGXK3lHquSN08v5vWalVI/L8XU9hdzE/G6xsrze47As=
github.com/stretchr/testify v1.2.2/go.mod h1:a8OnRcib4nhh0OaRAV+Yts87kKdq0PP7pXfy6kDkUVs=
github.com/stretchr/testify v1.3.0/go.mod h1:M5WIy9Dh21IEIfnGCwXGc5bZfKNJtfHm1UVUgZn+9EI=
github.com/stretchr/testify v1.5.1/go.mod h1:5W2xD1RspED5o8YsWQXVCued0rvSQ+mT+I5cxcmMvtA=
github.com/stretchr/testify v1.7.0 h1:nwc3DEeHmmLAfoZucVR881uASk0Mfjw8xYJ99tb5CcY=
github.com/stretchr/testify v1.7.0/go.mod h1:6Fq8oRcR53rry900zMqJjRRixrwX3KX962/h/Wwjteg=
github.com/stripe/stripe-go/v72 v72.122.0 h1:eRXWqnEwGny6dneQ5BsxGzUCED5n180u8n665JHlut8=
github.com/stripe/stripe-go/v72 v72.122.0/go.mod h1:QwqJQtduHubZht9mek5sds9CtQcKFdsykV9ZepRWwo0=
github.com/tailscale/hujson v0.0.0-20220630195928-54599719472f h1:n4r/sJ92cBSBHK8n9lR1XLFr0OiTVeGfN5TR+9LaN7E=
github.com/tailscale/hujson v0.0.0-20220630195928-54599719472f/go.mod h1:DFSS3NAGHthKo1gTlmEcSBiZrRJXi28rLNd/1udP1c8=
github.com/yuin/goldmark v1.3.6/go.mod h1:mwnBkeHKe2W/ZEtQ+71ViKU8L12m81fl3OWwC1Zlc8k=
github.com/yuin/goldmark v1.4.4 h1:zNWRjYUW32G9KirMXYHQHVNFkXvMI7LpgNW2AgYAoIs=
github.com/yuin/goldmark v1.4.4/go.mod h1:rmuwmfZ0+bvzB24eSC//bk1R1Zp3hM0OXYv/G2LIilg=
github.com/yuin/goldmark-highlighting v0.0.0-20210516132338-9216f9c5aa01 h1:0SJnXjE4jDClMW6grE0xpNhwpqbPwkBTn8zpVw5C0SI=
github.com/yuin/goldmark-highlighting v0.0.0-20210516132338-9216f9c5aa01/go.mod h1:TwKQPa5XkCCRC2GRZ5wtfNUTQ2+9/i19mGRijFeJ4BE=
go4.org/mem v0.0.0-20210711025021-927187094b94 h1:OAAkygi2Js191AJP1Ds42MhJRgeofeKGjuoUqNp1QC4=
golang.org/x/crypto v0.0.0-20190308221718-c2843e01d9a2/go.mod h1:djNgcEr1/C05ACkg1iLfiJU5Ep61QUkGW8qpdssI0+w=
golang.org/x/exp v0.0.0-20220722155223-a9213eeb770e h1:+WEEuIdZHnUeJJmEUjyYC2gfUMj69yZXw17EnHg/otA=
golang.org/x/exp v0.0.0-20220722155223-a9213eeb770e/go.mod h1:Kr81I6Kryrl9sr8s2FK3vxD90NdsKWRuOIl2O4CvYbA=
golang.org/x/exp/typeparams v0.0.0-20220218215828-6cf2b201936e h1:qyrTQ++p1afMkO4DPEeLGq/3oTsdlvdH4vqZUBWzUKM=
golang.org/x/exp/typeparams v0.0.0-20220218215828-6cf2b201936e/go.mod h1:AbB0pIl9nAr9wVwH+Z2ZpaocVmF5I4GyWCDIsVjR0bk=
golang.org/x/mod v0.6.0-dev.0.20220419223038-86c51ed26bb4 h1:6zppjxzCulZykYSLyVDYbneBfbaBIQPYMevg0bEwv2s=
golang.org/x/mod v0.6.0-dev.0.20220419223038-86c51ed26bb4/go.mod h1:jJ57K6gSWd91VN4djpZkiMVwK6gcyfeH4XE8wZrZaV4=
golang.org/x/net v0.0.0-20200324143707-d3edc9973b7e/go.mod h1:qpuaurCH72eLCgpAm/N6yyVIVM9cpaDIP3A8BGJEC5A=
golang.org/x/net v0.0.0-20220127200216-cd36cc0744dd h1:O7DYs+zxREGLKzKoMQrtrEacpb0ZVXA5rIwylE2Xchk=
golang.org/x/sync v0.0.0-20220722155255-886fb9371eb4 h1:uVc8UZUe6tr40fFVnUP5Oj+veunVezqYl9z7DYw9xzw=
golang.org/x/sync v0.0.0-20220722155255-886fb9371eb4/go.mod h1:RxMgew5VJxzue5/jJTE5uejpjVlOe/izrB70Jof72aM=
golang.org/x/sys v0.0.0-20181128092732-4ed8d59d0b35/go.mod h1:STP8DvDyc/dI5b8T5hshtkjS+E42TnysNCUPdjciGhY=
golang.org/x/sys v0.0.0-20190215142949-d0b11bdaac8a/go.mod h1:STP8DvDyc/dI5b8T5hshtkjS+E42TnysNCUPdjciGhY=
golang.org/x/sys v0.0.0-20200323222414-85ca7c5b95cd/go.mod h1:h1NjWce9XRLGQEsW7wpKNCjG9DtNlClVuFLEZdDNbEs=
golang.org/x/sys v0.0.0-20210819135213-f52c844e1c1c/go.mod h1:oPkhp1MJrh7nUepCBck5+mAzfO9JrbApNNgaTdGDITg=
golang.org/x/sys v0.0.0-20220722155257-8c9f86f7a55f h1:v4INt8xihDGvnrfjMDVXGxw9wrfxYyCjk0KbXjhR55s=
golang.org/x/sys v0.0.0-20220722155257-8c9f86f7a55f/go.mod h1:oPkhp1MJrh7nUepCBck5+mAzfO9JrbApNNgaTdGDITg=
golang.org/x/term v0.0.0-20210927222741-03fcf44c2211 h1:JGgROgKl9N8DuW20oFS5gxc+lE67/N3FcwmBPMe7ArY=
golang.org/x/term v0.0.0-20210927222741-03fcf44c2211/go.mod h1:jbD1KX2456YbFQfuXm/mYQcufACuNUgVhRMnK/tPxf8=
golang.org/x/text v0.3.0/go.mod h1:NqM8EUOU14njkJ3fqMW+pc6Ldnwhi/IjpwHt7yyuwOQ=
golang.org/x/text v0.3.7 h1:olpwvP2KacW1ZWvsR7uQhoyTYvKAupfQrRGBFM352Gk=
golang.org/x/tools v0.1.11 h1:loJ25fNOEhSXfHrpoGj91eCUThwdNX6u24rO1xnNteY=
golang.org/x/tools v0.1.11/go.mod h1:SgwaegtQh8clINPpECJMqnxLv9I09HLqnW3RMqW0CA4=
gopkg.in/check.v1 v0.0.0-20161208181325-20d25e280405/go.mod h1:Co6ibVJAznAaIkqp8huTwlJQCZ016jof/cbN4VW5Yz0=
gopkg.in/check.v1 v1.0.0-20180628173108-788fd7840127/go.mod h1:Co6ibVJAznAaIkqp8huTwlJQCZ016jof/cbN4VW5Yz0=
gopkg.in/check.v1 v1.0.0-20200902074654-038fdea0a05b h1:QRR6H1YWRnHb4Y/HeNFCTJLFVxaq6wH4YuVdsUOr75U=
gopkg.in/check.v1 v1.0.0-20200902074654-038fdea0a05b/go.mod h1:Co6ibVJAznAaIkqp8huTwlJQCZ016jof/cbN4VW5Yz0=
gopkg.in/errgo.v2 v2.1.0/go.mod h1:hNsd1EY+bozCKY1Ytp96fpM3vjJbqLJn88ws8XvfDNI=
gopkg.in/fsnotify.v1 v1.4.7 h1:xOHLXZwVvI9hhs+cLKq5+I5onOuwQLhQwiu63xxlHs4=
gopkg.in/fsnotify.v1 v1.4.7/go.mod h1:Tz8NjZHkW78fSQdbUxIjBTcgA1z1m8ZHf0WmKUhAMys=
gopkg.in/yaml.v2 v2.2.2/go.mod h1:hI93XBmqTisBFMUTm0b8Fm+jr3Dg1NNxqwp+5A1VGuI=
gopkg.in/yaml.v3 v3.0.0-20200313102051-9f266ea9e77c/go.mod h1:K4uyk7z7BCEPqu6E+C64Yfv1cQ7kz7rIZviUmN+EgEM=
gopkg.in/yaml.v3 v3.0.0-20210107192922-496545a6307b h1:h8qDotaEPuJATrMmW04NCwg7v22aHH28wwpauUhK9Oo=
honnef.co/go/tools v0.3.3 h1:oDx7VAwstgpYpb3wv0oxiZlxY+foCpRAwY7Vk6XpAgA=
honnef.co/go/tools v0.3.3/go.mod h1:jzwdWgg7Jdq75wlfblQxO4neNaFFSvgc1tD5Wv8U0Yw=
kr.dev/diff v0.2.1-0.20220605072704-63b4f29d6f39 h1:jRpGT1vp9MXCJkPtocGFWcWJm84teJQPwmpTmRlZ550=
kr.dev/diff v0.2.1-0.20220605072704-63b4f29d6f39/go.mod h1:XiTaLOg2/PD0cmXY7WQXUR8RAF3RwWpqIQEj910J2NY=
kr.dev/errorfmt v0.1.1 h1:0YA5N2yV0xKxJ4eD5cX2S9wEnJHDHOZzerKbrZqtRrQ=
kr.dev/errorfmt v0.1.1/go.mod h1:X5EQZa3qf6c/l1DMjhflAbKGAGvlP6/ByWnaOpfbJME=
tailscale.com v1.22.2 h1:bK0Fhu9tWcNH0qhi0Wbt+U4eHwemh2rXdTw6koa3jqI=
tailscale.com v1.22.2/go.mod h1:D2zuDnjHT7v4aCt71c4+ytQUUAGpnypW+DoubYLaHjg=
